
Microsoft Visual Studio Solution File, Format Version 12.00
# Visual Studio Version 17
VisualStudioVersion = 17.6.33829.357
MinimumVisualStudioVersion = 10.0.40219.1
Project("{FAE04EC0-301F-11D3-BF4B-00C04F79EFBC}") = "Dinamik Oto Etiket", "Dinamik Oto Etiket\Dinamik Oto Etiket.csproj", "{998DCA63-F8EC-4E83-AE81-A343DFDAAA79}"
EndProject
Project("{2150E333-8FDC-42A3-9474-1A3956D46DE8}") = "Solution Items", "Solution Items", "{1A0CA382-19C1-4A77-A810-C19B602A2157}"
	ProjectSection(SolutionItems) = preProject
		.editorconfig = .editorconfig
	EndProjectSection
EndProject
Project("{54435603-DBB4-11D2-8724-00A0C9A8B90C}") = "SETUP", "SETUP\SETUP.vdproj", "{A9469F0C-7987-4081-980E-085D384C69D9}"
EndProject
Global
	GlobalSection(SolutionConfigurationPlatforms) = preSolution
		Debug|Any CPU = Debug|Any CPU
		Release|Any CPU = Release|Any CPU
	EndGlobalSection
	GlobalSection(ProjectConfigurationPlatforms) = postSolution
		{998DCA63-F8EC-4E83-AE81-A343DFDAAA79}.Debug|Any CPU.ActiveCfg = Debug|Any CPU
		{998DCA63-F8EC-4E83-AE81-A343DFDAAA79}.Debug|Any CPU.Build.0 = Debug|Any CPU
		{998DCA63-F8EC-4E83-AE81-A343DFDAAA79}.Release|Any CPU.ActiveCfg = Release|Any CPU
		{998DCA63-F8EC-4E83-AE81-A343DFDAAA79}.Release|Any CPU.Build.0 = Release|Any CPU
		{A9469F0C-7987-4081-980E-085D384C69D9}.Debug|Any CPU.ActiveCfg = Debug
		{A9469F0C-7987-4081-980E-085D384C69D9}.Release|Any CPU.ActiveCfg = Release
	EndGlobalSection
	GlobalSection(SolutionProperties) = preSolution
		HideSolutionNode = FALSE
	EndGlobalSection
	GlobalSection(ExtensibilityGlobals) = postSolution
		SolutionGuid = {9819E2FD-091D-49C6-A06D-02E234149175}
	EndGlobalSection
EndGlobal
